
Microsoft Visual Studio Solution File, Format Version 12.00
# Visual Studio 15
VisualStudioVersion = 15.0.28307.438
MinimumVisualStudioVersion = 10.0.40219.1
Project("{FAE04EC0-301F-11D3-BF4B-00C04F79EFBC}") = "Busfin.Server", "Busfin.Server\Busfin.Server.csproj", "{EAE18848-8793-423F-A25C-A8A9890C801A}"
EndProject
Global
	GlobalSection(SolutionConfigurationPlatforms) = preSolution
		Debug|Any CPU = Debug|Any CPU
		Release|Any CPU = Release|Any CPU
	EndGlobalSection
	GlobalSection(ProjectConfigurationPlatforms) = postSolution
		{EAE18848-8793-423F-A25C-A8A9890C801A}.Debug|Any CPU.ActiveCfg = Debug|Any CPU
		{EAE18848-8793-423F-A25C-A8A9890C801A}.Debug|Any CPU.Build.0 = Debug|Any CPU
		{EAE18848-8793-423F-A25C-A8A9890C801A}.Release|Any CPU.ActiveCfg = Release|Any CPU
		{EAE18848-8793-423F-A25C-A8A9890C801A}.Release|Any CPU.Build.0 = Release|Any CPU
	EndGlobalSection
	GlobalSection(SolutionProperties) = preSolution
		HideSolutionNode = FALSE
	EndGlobalSection
	GlobalSection(ExtensibilityGlobals) = postSolution
		SolutionGuid = {1A7600FE-BC50-46E9-BF14-632BC3FD1C35}
	EndGlobalSection
EndGlobal
